PODS:
  - Chatto (3.1.0)
  - ChattoAdditions (3.1.0):
    - Chatto
  - Eureka (3.0.0)
  - Fakery (2.0.0)
  - FBSnapshotTestCase (2.1.4):
    - FBSnapshotTestCase/SwiftSupport (= 2.1.4)
  - FBSnapshotTestCase/Core (2.1.4)
  - FBSnapshotTestCase/SwiftSupport (2.1.4):
    - FBSnapshotTestCase/Core
  - Kingfisher (3.5.2)
  - Nimble (6.0.1)
  - Nimble-Snapshots (4.4.0):
    - Nimble-Snapshots/Core (= 4.4.0)
  - Nimble-Snapshots/Core (4.4.0):
    - FBSnapshotTestCase (~> 2.0)
    - Nimble
    - Quick
  - Quick (1.0.0)
  - Realm (2.8.1):
    - Realm/Headers (= 2.8.1)
  - Realm/Headers (2.8.1)
  - RealmSwift (2.8.1):
    - Realm (= 2.8.1)
  - ROCController (0.0.5):
    - Chatto (~> 3.1.0)
    - ChattoAdditions (~> 3.1.0)
    - RealmSwift (~> 2.8.1)
  - TURecipientBar (2.0.4)

DEPENDENCIES:
  - Eureka (~> 3.0.0)
  - Fakery (~> 2.0.0)
  - FBSnapshotTestCase (~> 2.1.4)
  - Kingfisher (~> 3.5.2)
  - Nimble (~> 6.0.1)
  - Nimble-Snapshots (~> 4.4.0)
  - Quick (~> 1.0.0)
  - ROCController (from `../`)
  - TURecipientBar (~> 2.0.4)

EXTERNAL SOURCES:
  ROCController:
    :path: ../

SPEC CHECKSUMS:
  Chatto: d959be2d284db62c713c68d7c39f2712ff902fa2
  ChattoAdditions: 64cfe2d3414a65d2d6bc8a1c5704df491eec28b6
  Eureka: f36fd440c3ebb7bfea0a4fbe6f16a05f1cb35906
  Fakery: 97b99c23937d2e025d9135c75e2b17351ccd5031
  FBSnapshotTestCase: 094f9f314decbabe373b87cc339bea235a63e07a
  Kingfisher: 9950e382c500b6834ce004c7c4131c444e90c3a1
  Nimble: 1527fd1bd2b4cf0636251a36bc8ab37e81da8347
  Nimble-Snapshots: e743439f26c2fa99d8f7e0d7c01c99bcb40aa6f2
  Quick: 8024e4a47e6cc03a9d5245ef0948264fc6d27cff
  Realm: 2627602ad6818451f0cb8c2a6e072f7f10a5f360
  RealmSwift: 4764ca7657f2193c256fb032c0b123926f70dbcd
  ROCController: c9743456f4fdea19ced8e2600e4acbca7628c502
  TURecipientBar: 4904645f476ad056e17c9458fa9894552339e63a

PODFILE CHECKSUM: fc1abee63727b99898c91a0a5ef088fbe35b3ed5

COCOAPODS: 1.2.1
